# THIS IS AN AUTOGENERATED FILE. DO NOT EDIT THIS FILE DIRECTLY.
# yarn lockfile v1


"@popperjs/core@^2.11.5":
  version "2.11.5"
  resolved "https://registry.yarnpkg.com/@popperjs/core/-/core-2.11.5.tgz#db5a11bf66bdab39569719555b0f76e138d7bd64"
  integrity sha512-9X2obfABZuDVLCgPK9aX0a/x4jaOEweTTWE2+9sr0Qqqevj2Uv5XorvusThmc9XGYpS9yI+fhh8RTafBtGposw==

"@rails/actiontext@^6.1.5":
  version "6.1.5"
  resolved "https://registry.yarnpkg.com/@rails/actiontext/-/actiontext-6.1.5.tgz#29006cff520b72c6845f474540a9ea142eae6380"
  integrity sha512-V88uyueaL4VeU0u0P3GiuM0vSBYW3pluYyI7jMmZKWfGZKCspmRLDaJE+30Bx4h3ZQJcRrOCFoTU8hK0cFmCsw==
  dependencies:
    "@rails/activestorage" "^6.0.0"

"@rails/activestorage@^6.0.0":
  version "6.1.5"
  resolved "https://registry.yarnpkg.com/@rails/activestorage/-/activestorage-6.1.5.tgz#a43929573b2ffae54857ffa3b7ac1988af42b681"
  integrity sha512-7L0eWqrguZIyvfPOpVoZRChuIgxbpBdwdVtprT6wrl5rUAbdyHr6AZczl1yS+5d6nBV0TqpVLaB1sGxi2aMbCQ==
  dependencies:
    spark-md5 "^3.0.0"

bootstrap@^5.1.3:
  version "5.1.3"
  resolved "https://registry.yarnpkg.com/bootstrap/-/bootstrap-5.1.3.tgz#ba081b0c130f810fa70900acbc1c6d3c28fa8f34"
  integrity sha512-fcQztozJ8jToQWXxVuEyXWW+dSo8AiXWKwiSSrKWsRB/Qt+Ewwza+JWoLKiTuQLaEPhdNAJ7+Dosc9DOIqNy7Q==

jquery@^3.6.0:
  version "3.6.0"
  resolved "https://registry.yarnpkg.com/jquery/-/jquery-3.6.0.tgz#c72a09f15c1bdce142f49dbf1170bdf8adac2470"
  integrity sha512-JVzAR/AjBvVt2BmYhxRCSYysDsPcssdmTFnzyLEts9qNwmjmu4JTAMYubEfwVOSwpQ1I1sKKFcxhZCI2buerfw==

spark-md5@^3.0.0:
  version "3.0.2"
  resolved "https://registry.yarnpkg.com/spark-md5/-/spark-md5-3.0.2.tgz#7952c4a30784347abcee73268e473b9c0167e3fc"
  integrity sha512-wcFzz9cDfbuqe0FZzfi2or1sgyIrsDwmPwfZC4hiNidPdPINjeUwNfv5kldczoEAcjl9Y1L3SM7Uz2PUEQzxQw==

trix@^2.0.0-beta.0:
  version "2.0.0-beta.0"
  resolved "https://registry.yarnpkg.com/trix/-/trix-2.0.0-beta.0.tgz#e7034867182356c023abdef90c7bdc341bb3e105"
  integrity sha512-D1c7FxP1hGXM/MnTd/+fGUbSDLkfxsqjA0NxOTzByQywVJVNHDOkn8xAScCKVOiAN6hXlqUR2qX4CPJHTGj+cQ==
